
Microsoft Visual Studio Solution File, Format Version 12.00
Project("{FAE04EC0-301F-11D3-BF4B-00C04F79EFBC}") = "practica", "practica\practica.csproj", "{2A5B8539-22FB-4502-9487-7BB48BA8C151}"
EndProject
Global
	GlobalSection(SolutionConfigurationPlatforms) = preSolution
		Debug|Any CPU = Debug|Any CPU
		Release|Any CPU = Release|Any CPU
	EndGlobalSection
	GlobalSection(ProjectConfigurationPlatforms) = postSolution
		{2A5B8539-22FB-4502-9487-7BB48BA8C151}.Debug|Any CPU.ActiveCfg = Debug|Any CPU
		{2A5B8539-22FB-4502-9487-7BB48BA8C151}.Debug|Any CPU.Build.0 = Debug|Any CPU
		{2A5B8539-22FB-4502-9487-7BB48BA8C151}.Release|Any CPU.ActiveCfg = Release|Any CPU
		{2A5B8539-22FB-4502-9487-7BB48BA8C151}.Release|Any CPU.Build.0 = Release|Any CPU
	EndGlobalSection
EndGlobal
